
Microsoft Visual Studio Solution File, Format Version 12.00
# Visual Studio Version 16
VisualStudioVersion = 16.0.31205.134
MinimumVisualStudioVersion = 10.0.40219.1
Project("{FAE04EC0-301F-11D3-BF4B-00C04F79EFBC}") = "SeleniumCSharpNetCore", "SeleniumCSharpNetCore\SeleniumCSharpNetCore.csproj", "{51BAA477-0FC0-4C01-9C3B-B4469623BD3B}"
EndProject
Global
	GlobalSection(SolutionConfigurationPlatforms) = preSolution
		Debug|Any CPU = Debug|Any CPU
		Release|Any CPU = Release|Any CPU
	EndGlobalSection
	GlobalSection(ProjectConfigurationPlatforms) = postSolution
		{51BAA477-0FC0-4C01-9C3B-B4469623BD3B}.Debug|Any CPU.ActiveCfg = Debug|Any CPU
		{51BAA477-0FC0-4C01-9C3B-B4469623BD3B}.Debug|Any CPU.Build.0 = Debug|Any CPU
		{51BAA477-0FC0-4C01-9C3B-B4469623BD3B}.Release|Any CPU.ActiveCfg = Release|Any CPU
		{51BAA477-0FC0-4C01-9C3B-B4469623BD3B}.Release|Any CPU.Build.0 = Release|Any CPU
	EndGlobalSection
	GlobalSection(SolutionProperties) = preSolution
		HideSolutionNode = FALSE
	EndGlobalSection
	GlobalSection(ExtensibilityGlobals) = postSolution
		SolutionGuid = {AE080E11-FF61-48A4-80AA-EA456972532F}
	EndGlobalSection
EndGlobal
